
Microsoft Visual Studio Solution File, Format Version 12.00
# Visual Studio Version 17
VisualStudioVersion = 17.8.34525.116
MinimumVisualStudioVersion = 10.0.40219.1
Project("{FAE04EC0-301F-11D3-BF4B-00C04F79EFBC}") = "graphic_editor", "graphic_editor\graphic_editor.csproj", "{4E532F99-7426-4D5A-8BED-28E795A7097F}"
EndProject
Global
	GlobalSection(SolutionConfigurationPlatforms) = preSolution
		Debug|Any CPU = Debug|Any CPU
		Release|Any CPU = Release|Any CPU
	EndGlobalSection
	GlobalSection(ProjectConfigurationPlatforms) = postSolution
		{4E532F99-7426-4D5A-8BED-28E795A7097F}.Debug|Any CPU.ActiveCfg = Debug|Any CPU
		{4E532F99-7426-4D5A-8BED-28E795A7097F}.Debug|Any CPU.Build.0 = Debug|Any CPU
		{4E532F99-7426-4D5A-8BED-28E795A7097F}.Release|Any CPU.ActiveCfg = Release|Any CPU
		{4E532F99-7426-4D5A-8BED-28E795A7097F}.Release|Any CPU.Build.0 = Release|Any CPU
	EndGlobalSection
	GlobalSection(SolutionProperties) = preSolution
		HideSolutionNode = FALSE
	EndGlobalSection
	GlobalSection(ExtensibilityGlobals) = postSolution
		SolutionGuid = {B047BEBA-E2AF-434A-A0F7-D4E848815082}
	EndGlobalSection
EndGlobal
